// !$*UTF8*$!
{
	archiveVersion = 1;
	classes = {
	};
	objectVersion = 46;
	objects = {

/* Begin PBXBuildFile section */
		C7D466DF1DED4417007967DC /* AppDelegate.swift in Sources */ = {isa = PBXBuildFile; fileRef = C7D466DE1DED4417007967DC /* AppDelegate.swift */; };
		C7D466E11DED4417007967DC /* ViewController.swift in Sources */ = {isa = PBXBuildFile; fileRef = C7D466E01DED4417007967DC /* ViewController.swift */; };
		C7D466E41DED4417007967DC /* Main.storyboard in Resources */ = {isa = PBXBuildFile; fileRef = C7D466E21DED4417007967DC /* Main.storyboard */; };
		C7D466E61DED4417007967DC /* Assets.xcassets in Resources */ = {isa = PBXBuildFile; fileRef = C7D466E51DED4417007967DC /* Assets.xcassets */; };
		C7D466E91DED4417007967DC /* LaunchScreen.storyboard in Resources */ = {isa = PBXBuildFile; fileRef = C7D466E71DED4417007967DC /* LaunchScreen.storyboard */; };
/* End PBXBuildFile section */

/* Begin PBXFileReference section */
		C7D466DB1DED4417007967DC /* SunSetApp.app */ = {isa = PBXFileReference; explicitFileType = wrapper.application; includeInIndex = 0; path = SunSetApp.app; sourceTree = BUILT_PRODUCTS_DIR; };
		C7D466DE1DED4417007967DC /* AppDelegate.swift */ = {isa = PBXFileReference; lastKnownFileType = sourcecode.swift; path = AppDelegate.swift; sourceTree = "<group>"; };
		C7D466E01DED4417007967DC /* ViewController.swift */ = {isa = PBXFileReference; lastKnownFileType = sourcecode.swift; path = ViewController.swift; sourceTree = "<group>"; };
		C7D466E31DED4417007967DC /* Base */ = {isa = PBXFileReference; lastKnownFileType = file.storyboard; name = Base; path = Base.lproj/Main.storyboard; sourceTree = "<group>"; };
		C7D466E51DED4417007967DC /* Assets.xcassets */ = {isa = PBXFileReference; lastKnownFileType = folder.assetcatalog; path = Assets.xcassets; sourceTree = "<group>"; };
		C7D466E81DED4417007967DC /* Base */ = {isa = PBXFileReference; lastKnownFileType = file.storyboard; name = Base; path = Base.lproj/LaunchScreen.storyboard; sourceTree = "<group>"; };
		C7D466EA1DED4417007967DC /* Info.plist */ = {isa = PBXFileReference; lastKnownFileType = text.plist.xml; path = Info.plist; sourceTree = "<group>"; };
/* End PBXFileReference section */

/* Begin PBXFrameworksBuildPhase section */
		C7D466D81DED4417007967DC /* Frameworks */ = {
			isa = PBXFrameworksBuildPhase;
			buildActionMask = 2147483647;
			files = (
			);
			runOnlyForDeploymentPostprocessing = 0;
		};
/* End PBXFrameworksBuildPhase section */

/* Begin PBXGroup section */
		C7D466D21DED4417007967DC = {
			isa = PBXGroup;
			children = (
				C7D466DD1DED4417007967DC /* SunSetApp */,
				C7D466DC1DED4417007967DC /* Products */,
			);
			sourceTree = "<group>";
		};
		C7D466DC1DED4417007967DC /* Products */ = {
			isa = PBXGroup;
			children = (
				C7D466DB1DED4417007967DC /* SunSetApp.app */,
			);
			name = Products;
			sourceTree = "<group>";
		};
		C7D466DD1DED4417007967DC /* SunSetApp */ = {
			isa = PBXGroup;
			children = (
				C7D466DE1DED4417007967DC /* AppDelegate.swift */,
				C7D466E01DED4417007967DC /* ViewController.swift */,
				C7D466E21DED4417007967DC /* Main.storyboard */,
				C7D466E51DED4417007967DC /* Assets.xcassets */,
				C7D466E71DED4417007967DC /* LaunchScreen.storyboard */,
				C7D466EA1DED4417007967DC /* Info.plist */,
			);
			path = SunSetApp;
			sourceTree = "<group>";
		};
/* End PBXGroup section */

/* Begin PBXNativeTarget section */
		C7D466DA1DED4417007967DC /* SunSetApp */ = {
			isa = PBXNativeTarget;
			buildConfigurationList = C7D466ED1DED4417007967DC /* Build configuration list for PBXNativeTarget "SunSetApp" */;
			buildPhases = (
				C7D466D71DED4417007967DC /* Sources */,
				C7D466D81DED4417007967DC /* Frameworks */,
				C7D466D91DED4417007967DC /* Resources */,
			);
			buildRules = (
			);
			dependencies = (
			);
			name = SunSetApp;
			productName = SunSetApp;
			productReference = C7D466DB1DED4417007967DC /* SunSetApp.app */;
			productType = "com.apple.product-type.application";
		};
/* End PBXNativeTarget section */

/* Begin PBXProject section */
		C7D466D31DED4417007967DC /* Project object */ = {
			isa = PBXProject;
			attributes = {
				LastSwiftUpdateCheck = 0810;
				LastUpgradeCheck = 0810;
				ORGANIZATIONNAME = "hussien alrubaye";
				TargetAttributes = {
					C7D466DA1DED4417007967DC = {
						CreatedOnToolsVersion = 8.1;
						DevelopmentTeam = G8V2K73GKS;
						ProvisioningStyle = Automatic;
					};
				};
			};
			buildConfigurationList = C7D466D61DED4417007967DC /* Build configuration list for PBXProject "SunSetApp" */;
			compatibilityVersion = "Xcode 3.2";
			developmentRegion = English;
			hasScannedForEncodings = 0;
			knownRegions = (
				en,
				Base,
			);
			mainGroup = C7D466D21DED4417007967DC;
			productRefGroup = C7D466DC1DED4417007967DC /* Products */;
			projectDirPath = "";
			projectRoot = "";
			targets = (
				C7D466DA1DED4417007967DC /* SunSetApp */,
			);
		};
/* End PBXProject section */

/* Begin PBXResourcesBuildPhase section */
		C7D466D91DED4417007967DC /* Resources */ = {
			isa = PBXResourcesBuildPhase;
			buildActionMask = 2147483647;
			files = (
				C7D466E91DED4417007967DC /* LaunchScreen.storyboard in Resources */,
				C7D466E61DED4417007967DC /* Assets.xcassets in Resources */,
				C7D466E41DED4417007967DC /* Main.storyboard in Resources */,
			);
			runOnlyForDeploymentPostprocessing = 0;
		};
/* End PBXResourcesBuildPhase section */

/* Begin PBXSourcesBuildPhase section */
		C7D466D71DED4417007967DC /* Sources */ = {
			isa = PBXSourcesBuildPhase;
			buildActionMask = 2147483647;
			files = (
				C7D466E11DED4417007967DC /* ViewController.swift in Sources */,
				C7D466DF1DED4417007967DC /* AppDelegate.swift in Sources */,
			);
			runOnlyForDeploymentPostprocessing = 0;
		};
/* End PBXSourcesBuildPhase section */

/* Begin PBXVariantGroup section */
		C7D466E21DED4417007967DC /* Main.storyboard */ = {
			isa = PBXVariantGroup;
			children = (
				C7D466E31DED4417007967DC /* Base */,
			);
			name = Main.storyboard;
			sourceTree = "<group>";
		};
		C7D466E71DED4417007967DC /* LaunchScreen.storyboard */ = {
			isa = PBXVariantGroup;
			children = (
				C7D466E81DED4417007967DC /* Base */,
			);
			name = LaunchScreen.storyboard;
			sourceTree = "<group>";
		};
/* End PBXVariantGroup section */

/* Begin XCBuildConfiguration section */
		C7D466EB1DED4417007967DC /* Debug */ = {
			isa = XCBuildConfiguration;
			buildSettings = {
				ALWAYS_SEARCH_USER_PATHS = NO;
				CLANG_ANALYZER_NONNULL = YES;
				CLANG_CXX_LANGUAGE_STANDARD = "gnu++0x";
				CLANG_CXX_LIBRARY = "libc++";
				CLANG_ENABLE_MODULES = YES;
				CLANG_ENABLE_OBJC_ARC = YES;
				CLANG_WARN_BOOL_CONVERSION = YES;
				CLANG_WARN_CONSTANT_CONVERSION = YES;
				CLANG_WARN_DIRECT_OBJC_ISA_USAGE = YES_ERROR;
				CLANG_WARN_DOCUMENTATION_COMMENTS = YES;
				CLANG_WARN_EMPTY_BODY = YES;
				CLANG_WARN_ENUM_CONVERSION = YES;
				CLANG_WARN_INFINITE_RECURSION = YES;
				CLANG_WARN_INT_CONVERSION = YES;
				CLANG_WARN_OBJC_ROOT_CLASS = YES_ERROR;
				CLANG_WARN_SUSPICIOUS_MOVES = YES;
				CLANG_WARN_UNREACHABLE_CODE = YES;
				CLANG_WARN__DUPLICATE_METHOD_MATCH = YES;
				"CODE_SIGN_IDENTITY[sdk=iphoneos*]" = "iPhone Developer";
				COPY_PHASE_STRIP = NO;
				DEBUG_INFORMATION_FORMAT = dwarf;
				ENABLE_STRICT_OBJC_MSGSEND = YES;
				ENABLE_TESTABILITY = YES;
				GCC_C_LANGUAGE_STANDARD = gnu99;
				GCC_DYNAMIC_NO_PIC = NO;
				GCC_NO_COMMON_BLOCKS = YES;
				GCC_OPTIMIZATION_LEVEL = 0;
				GCC_PREPROCESSOR_DEFINITIONS = (
					"DEBUG=1",
					"$(inherited)",
				);
				GCC_WARN_64_TO_32_BIT_CONVERSION = YES;
				GCC_WARN_ABOUT_RETURN_TYPE = YES_ERROR;
				GCC_WARN_UNDECLARED_SELECTOR = YES;
				GCC_WARN_UNINITIALIZED_AUTOS = YES_AGGRESSIVE;
				GCC_WARN_UNUSED_FUNCTION = YES;
				GCC_WARN_UNUSED_VARIABLE = YES;
				IPHONEOS_DEPLOYMENT_TARGET = 10.1;
				MTL_ENABLE_DEBUG_INFO = YES;
				ONLY_ACTIVE_ARCH = YES;
				SDKROOT = iphoneos;
				SWIFT_ACTIVE_COMPILATION_CONDITIONS = DEBUG;
				SWIFT_OPTIMIZATION_LEVEL = "-Onone";
				TARGETED_DEVICE_FAMILY = "1,2";
			};
			name = Debug;
		};
		C7D466EC1DED4417007967DC /* Release */ = {
			isa = XCBuildConfiguration;
			buildSettings = {
				ALWAYS_SEARCH_USER_PATHS = NO;
				CLANG_ANALYZER_NONNULL = YES;
				CLANG_CXX_LANGUAGE_STANDARD = "gnu++0x";
				CLANG_CXX_LIBRARY = "libc++";
				CLANG_ENABLE_MODULES = YES;
				CLANG_ENABLE_OBJC_ARC = YES;
				CLANG_WARN_BOOL_CONVERSION = YES;
				CLANG_WARN_CONSTANT_CONVERSION = YES;
				CLANG_WARN_DIRECT_OBJC_ISA_USAGE = YES_ERROR;
				CLANG_WARN_DOCUMENTATION_COMMENTS = YES;
				CLANG_WARN_EMPTY_BODY = YES;
				CLANG_WARN_ENUM_CONVERSION = YES;
				CLANG_WARN_INFINITE_RECURSION = YES;
				CLANG_WARN_INT_CONVERSION = YES;
				CLANG_WARN_OBJC_ROOT_CLASS = YES_ERROR;
				CLANG_WARN_SUSPICIOUS_MOVES = YES;
				CLANG_WARN_UNREACHABLE_CODE = YES;
				CLANG_WARN__DUPLICATE_METHOD_MATCH = YES;
				"CODE_SIGN_IDENTITY[sdk=iphoneos*]" = "iPhone Developer";
				COPY_PHASE_STRIP = NO;
				DEBUG_INFORMATION_FORMAT = "dwarf-with-dsym";
				ENABLE_NS_ASSERTIONS = NO;
				ENABLE_STRICT_OBJC_MSGSEND = YES;
				GCC_C_LANGUAGE_STANDARD = gnu99;
				GCC_NO_COMMON_BLOCKS = YES;
				GCC_WARN_64_TO_32_BIT_CONVERSION = YES;
				GCC_WARN_ABOUT_RETURN_TYPE = YES_ERROR;
				GCC_WARN_UNDECLARED_SELECTOR = YES;
				GCC_WARN_UNINITIALIZED_AUTOS = YES_AGGRESSIVE;
				GCC_WARN_UNUSED_FUNCTION = YES;
				GCC_WARN_UNUSED_VARIABLE = YES;
				IPHONEOS_DEPLOYMENT_TARGET = 10.1;
				MTL_ENABLE_DEBUG_INFO = NO;
				SDKROOT = iphoneos;
				SWIFT_OPTIMIZATION_LEVEL = "-Owholemodule";
				TARGETED_DEVICE_FAMILY = "1,2";
				VALIDATE_PRODUCT = YES;
			};
			name = Release;
		};
		C7D466EE1DED4417007967DC /* Debug */ = {
			isa = XCBuildConfiguration;
			buildSettings = {
				ASSETCATALOG_COMPILER_APPICON_NAME = AppIcon;
				DEVELOPMENT_TEAM = G8V2K73GKS;
				INFOPLIST_FILE = SunSetApp/Info.plist;
				LD_RUNPATH_SEARCH_PATHS = "$(inherited) @executable_path/Frameworks";
				PRODUCT_BUNDLE_IDENTIFIER = com.alrubaye.net.SunSetApp;
				PRODUCT_NAME = "$(TARGET_NAME)";
				SWIFT_VERSION = 3.0;
			};
			name = Debug;
		};
		C7D466EF1DED4417007967DC /* Release */ = {
			isa = XCBuildConfiguration;
			buildSettings = {
				ASSETCATALOG_COMPILER_APPICON_NAME = AppIcon;
				DEVELOPMENT_TEAM = G8V2K73GKS;
				INFOPLIST_FILE = SunSetApp/Info.plist;
				LD_RUNPATH_SEARCH_PATHS = "$(inherited) @executable_path/Frameworks";
				PRODUCT_BUNDLE_IDENTIFIER = com.alrubaye.net.SunSetApp;
				PRODUCT_NAME = "$(TARGET_NAME)";
				SWIFT_VERSION = 3.0;
			};
			name = Release;
		};
/* End XCBuildConfiguration section */

/* Begin XCConfigurationList section */
		C7D466D61DED4417007967DC /* Build configuration list for PBXProject "SunSetApp" */ = {
			isa = XCConfigurationList;
			buildConfigurations = (
				C7D466EB1DED4417007967DC /* Debug */,
				C7D466EC1DED4417007967DC /* Release */,
			);
			defaultConfigurationIsVisible = 0;
			defaultConfigurationName = Release;
		};
		C7D466ED1DED4417007967DC /* Build configuration list for PBXNativeTarget "SunSetApp" */ = {
			isa = XCConfigurationList;
			buildConfigurations = (
				C7D466EE1DED4417007967DC /* Debug */,
				C7D466EF1DED4417007967DC /* Release */,
			);
			defaultConfigurationIsVisible = 0;
		};
/* End XCConfigurationList section */
	};
	rootObject = C7D466D31DED4417007967DC /* Project object */;
}
