// !$*UTF8*$!
{
	archiveVersion = 1;
	classes = {
	};
	objectVersion = 46;
	objects = {

/* Begin PBXBuildFile section */
		C7406BF71E386B2C004B29A7 /* AppDelegate.swift in Sources */ = {isa = PBXBuildFile; fileRef = C7406BF61E386B2C004B29A7 /* AppDelegate.swift */; };
		C7406BF91E386B2C004B29A7 /* ViewController.swift in Sources */ = {isa = PBXBuildFile; fileRef = C7406BF81E386B2C004B29A7 /* ViewController.swift */; };
		C7406BFC1E386B2C004B29A7 /* Main.storyboard in Resources */ = {isa = PBXBuildFile; fileRef = C7406BFA1E386B2C004B29A7 /* Main.storyboard */; };
		C7406BFF1E386B2C004B29A7 /* StoreApp.xcdatamodeld in Sources */ = {isa = PBXBuildFile; fileRef = C7406BFD1E386B2C004B29A7 /* StoreApp.xcdatamodeld */; };
		C7406C011E386B2C004B29A7 /* Assets.xcassets in Resources */ = {isa = PBXBuildFile; fileRef = C7406C001E386B2C004B29A7 /* Assets.xcassets */; };
		C7406C041E386B2C004B29A7 /* LaunchScreen.storyboard in Resources */ = {isa = PBXBuildFile; fileRef = C7406C021E386B2C004B29A7 /* LaunchScreen.storyboard */; };
		C7406C0C1E386DCA004B29A7 /* TableViewCell.swift in Sources */ = {isa = PBXBuildFile; fileRef = C7406C0B1E386DCA004B29A7 /* TableViewCell.swift */; };
		C7406C0E1E386E8A004B29A7 /* AddItem.swift in Sources */ = {isa = PBXBuildFile; fileRef = C7406C0D1E386E8A004B29A7 /* AddItem.swift */; };
		C7406C101E386FCB004B29A7 /* VCAddStore.swift in Sources */ = {isa = PBXBuildFile; fileRef = C7406C0F1E386FCB004B29A7 /* VCAddStore.swift */; };
/* End PBXBuildFile section */

/* Begin PBXFileReference section */
		C7406BF31E386B2C004B29A7 /* StoreApp.app */ = {isa = PBXFileReference; explicitFileType = wrapper.application; includeInIndex = 0; path = StoreApp.app; sourceTree = BUILT_PRODUCTS_DIR; };
		C7406BF61E386B2C004B29A7 /* AppDelegate.swift */ = {isa = PBXFileReference; lastKnownFileType = sourcecode.swift; path = AppDelegate.swift; sourceTree = "<group>"; };
		C7406BF81E386B2C004B29A7 /* ViewController.swift */ = {isa = PBXFileReference; lastKnownFileType = sourcecode.swift; path = ViewController.swift; sourceTree = "<group>"; };
		C7406BFB1E386B2C004B29A7 /* Base */ = {isa = PBXFileReference; lastKnownFileType = file.storyboard; name = Base; path = Base.lproj/Main.storyboard; sourceTree = "<group>"; };
		C7406BFE1E386B2C004B29A7 /* StoreApp.xcdatamodel */ = {isa = PBXFileReference; lastKnownFileType = wrapper.xcdatamodel; path = StoreApp.xcdatamodel; sourceTree = "<group>"; };
		C7406C001E386B2C004B29A7 /* Assets.xcassets */ = {isa = PBXFileReference; lastKnownFileType = folder.assetcatalog; path = Assets.xcassets; sourceTree = "<group>"; };
		C7406C031E386B2C004B29A7 /* Base */ = {isa = PBXFileReference; lastKnownFileType = file.storyboard; name = Base; path = Base.lproj/LaunchScreen.storyboard; sourceTree = "<group>"; };
		C7406C051E386B2C004B29A7 /* Info.plist */ = {isa = PBXFileReference; lastKnownFileType = text.plist.xml; path = Info.plist; sourceTree = "<group>"; };
		C7406C0B1E386DCA004B29A7 /* TableViewCell.swift */ = {isa = PBXFileReference; fileEncoding = 4; lastKnownFileType = sourcecode.swift; path = TableViewCell.swift; sourceTree = "<group>"; };
		C7406C0D1E386E8A004B29A7 /* AddItem.swift */ = {isa = PBXFileReference; fileEncoding = 4; lastKnownFileType = sourcecode.swift; path = AddItem.swift; sourceTree = "<group>"; };
		C7406C0F1E386FCB004B29A7 /* VCAddStore.swift */ = {isa = PBXFileReference; fileEncoding = 4; lastKnownFileType = sourcecode.swift; path = VCAddStore.swift; sourceTree = "<group>"; };
/* End PBXFileReference section */

/* Begin PBXFrameworksBuildPhase section */
		C7406BF01E386B2C004B29A7 /* Frameworks */ = {
			isa = PBXFrameworksBuildPhase;
			buildActionMask = 2147483647;
			files = (
			);
			runOnlyForDeploymentPostprocessing = 0;
		};
/* End PBXFrameworksBuildPhase section */

/* Begin PBXGroup section */
		C7406BEA1E386B2C004B29A7 = {
			isa = PBXGroup;
			children = (
				C7406BF51E386B2C004B29A7 /* StoreApp */,
				C7406BF41E386B2C004B29A7 /* Products */,
			);
			sourceTree = "<group>";
		};
		C7406BF41E386B2C004B29A7 /* Products */ = {
			isa = PBXGroup;
			children = (
				C7406BF31E386B2C004B29A7 /* StoreApp.app */,
			);
			name = Products;
			sourceTree = "<group>";
		};
		C7406BF51E386B2C004B29A7 /* StoreApp */ = {
			isa = PBXGroup;
			children = (
				C7406BF61E386B2C004B29A7 /* AppDelegate.swift */,
				C7406BF81E386B2C004B29A7 /* ViewController.swift */,
				C7406BFA1E386B2C004B29A7 /* Main.storyboard */,
				C7406C0F1E386FCB004B29A7 /* VCAddStore.swift */,
				C7406C0D1E386E8A004B29A7 /* AddItem.swift */,
				C7406C0B1E386DCA004B29A7 /* TableViewCell.swift */,
				C7406C001E386B2C004B29A7 /* Assets.xcassets */,
				C7406C021E386B2C004B29A7 /* LaunchScreen.storyboard */,
				C7406C051E386B2C004B29A7 /* Info.plist */,
				C7406BFD1E386B2C004B29A7 /* StoreApp.xcdatamodeld */,
			);
			path = StoreApp;
			sourceTree = "<group>";
		};
/* End PBXGroup section */

/* Begin PBXNativeTarget section */
		C7406BF21E386B2C004B29A7 /* StoreApp */ = {
			isa = PBXNativeTarget;
			buildConfigurationList = C7406C081E386B2C004B29A7 /* Build configuration list for PBXNativeTarget "StoreApp" */;
			buildPhases = (
				C7406BEF1E386B2C004B29A7 /* Sources */,
				C7406BF01E386B2C004B29A7 /* Frameworks */,
				C7406BF11E386B2C004B29A7 /* Resources */,
			);
			buildRules = (
			);
			dependencies = (
			);
			name = StoreApp;
			productName = StoreApp;
			productReference = C7406BF31E386B2C004B29A7 /* StoreApp.app */;
			productType = "com.apple.product-type.application";
		};
/* End PBXNativeTarget section */

/* Begin PBXProject section */
		C7406BEB1E386B2C004B29A7 /* Project object */ = {
			isa = PBXProject;
			attributes = {
				LastSwiftUpdateCheck = 0820;
				LastUpgradeCheck = 0820;
				ORGANIZATIONNAME = "hussien alrubaye";
				TargetAttributes = {
					C7406BF21E386B2C004B29A7 = {
						CreatedOnToolsVersion = 8.2.1;
						DevelopmentTeam = G8V2K73GKS;
						ProvisioningStyle = Automatic;
					};
				};
			};
			buildConfigurationList = C7406BEE1E386B2C004B29A7 /* Build configuration list for PBXProject "StoreApp" */;
			compatibilityVersion = "Xcode 3.2";
			developmentRegion = English;
			hasScannedForEncodings = 0;
			knownRegions = (
				en,
				Base,
			);
			mainGroup = C7406BEA1E386B2C004B29A7;
			productRefGroup = C7406BF41E386B2C004B29A7 /* Products */;
			projectDirPath = "";
			projectRoot = "";
			targets = (
				C7406BF21E386B2C004B29A7 /* StoreApp */,
			);
		};
/* End PBXProject section */

/* Begin PBXResourcesBuildPhase section */
		C7406BF11E386B2C004B29A7 /* Resources */ = {
			isa = PBXResourcesBuildPhase;
			buildActionMask = 2147483647;
			files = (
				C7406C041E386B2C004B29A7 /* LaunchScreen.storyboard in Resources */,
				C7406C011E386B2C004B29A7 /* Assets.xcassets in Resources */,
				C7406BFC1E386B2C004B29A7 /* Main.storyboard in Resources */,
			);
			runOnlyForDeploymentPostprocessing = 0;
		};
/* End PBXResourcesBuildPhase section */

/* Begin PBXSourcesBuildPhase section */
		C7406BEF1E386B2C004B29A7 /* Sources */ = {
			isa = PBXSourcesBuildPhase;
			buildActionMask = 2147483647;
			files = (
				C7406BFF1E386B2C004B29A7 /* StoreApp.xcdatamodeld in Sources */,
				C7406C0C1E386DCA004B29A7 /* TableViewCell.swift in Sources */,
				C7406C101E386FCB004B29A7 /* VCAddStore.swift in Sources */,
				C7406BF91E386B2C004B29A7 /* ViewController.swift in Sources */,
				C7406BF71E386B2C004B29A7 /* AppDelegate.swift in Sources */,
				C7406C0E1E386E8A004B29A7 /* AddItem.swift in Sources */,
			);
			runOnlyForDeploymentPostprocessing = 0;
		};
/* End PBXSourcesBuildPhase section */

/* Begin PBXVariantGroup section */
		C7406BFA1E386B2C004B29A7 /* Main.storyboard */ = {
			isa = PBXVariantGroup;
			children = (
				C7406BFB1E386B2C004B29A7 /* Base */,
			);
			name = Main.storyboard;
			sourceTree = "<group>";
		};
		C7406C021E386B2C004B29A7 /* LaunchScreen.storyboard */ = {
			isa = PBXVariantGroup;
			children = (
				C7406C031E386B2C004B29A7 /* Base */,
			);
			name = LaunchScreen.storyboard;
			sourceTree = "<group>";
		};
/* End PBXVariantGroup section */

/* Begin XCBuildConfiguration section */
		C7406C061E386B2C004B29A7 /* Debug */ = {
			isa = XCBuildConfiguration;
			buildSettings = {
				ALWAYS_SEARCH_USER_PATHS = NO;
				CLANG_ANALYZER_NONNULL = YES;
				CLANG_CXX_LANGUAGE_STANDARD = "gnu++0x";
				CLANG_CXX_LIBRARY = "libc++";
				CLANG_ENABLE_MODULES = YES;
				CLANG_ENABLE_OBJC_ARC = YES;
				CLANG_WARN_BOOL_CONVERSION = YES;
				CLANG_WARN_CONSTANT_CONVERSION = YES;
				CLANG_WARN_DIRECT_OBJC_ISA_USAGE = YES_ERROR;
				CLANG_WARN_DOCUMENTATION_COMMENTS = YES;
				CLANG_WARN_EMPTY_BODY = YES;
				CLANG_WARN_ENUM_CONVERSION = YES;
				CLANG_WARN_INFINITE_RECURSION = YES;
				CLANG_WARN_INT_CONVERSION = YES;
				CLANG_WARN_OBJC_ROOT_CLASS = YES_ERROR;
				CLANG_WARN_SUSPICIOUS_MOVE = YES;
				CLANG_WARN_UNREACHABLE_CODE = YES;
				CLANG_WARN__DUPLICATE_METHOD_MATCH = YES;
				"CODE_SIGN_IDENTITY[sdk=iphoneos*]" = "iPhone Developer";
				COPY_PHASE_STRIP = NO;
				DEBUG_INFORMATION_FORMAT = dwarf;
				ENABLE_STRICT_OBJC_MSGSEND = YES;
				ENABLE_TESTABILITY = YES;
				GCC_C_LANGUAGE_STANDARD = gnu99;
				GCC_DYNAMIC_NO_PIC = NO;
				GCC_NO_COMMON_BLOCKS = YES;
				GCC_OPTIMIZATION_LEVEL = 0;
				GCC_PREPROCESSOR_DEFINITIONS = (
					"DEBUG=1",
					"$(inherited)",
				);
				GCC_WARN_64_TO_32_BIT_CONVERSION = YES;
				GCC_WARN_ABOUT_RETURN_TYPE = YES_ERROR;
				GCC_WARN_UNDECLARED_SELECTOR = YES;
				GCC_WARN_UNINITIALIZED_AUTOS = YES_AGGRESSIVE;
				GCC_WARN_UNUSED_FUNCTION = YES;
				GCC_WARN_UNUSED_VARIABLE = YES;
				IPHONEOS_DEPLOYMENT_TARGET = 10.2;
				MTL_ENABLE_DEBUG_INFO = YES;
				ONLY_ACTIVE_ARCH = YES;
				SDKROOT = iphoneos;
				SWIFT_ACTIVE_COMPILATION_CONDITIONS = DEBUG;
				SWIFT_OPTIMIZATION_LEVEL = "-Onone";
				TARGETED_DEVICE_FAMILY = "1,2";
			};
			name = Debug;
		};
		C7406C071E386B2C004B29A7 /* Release */ = {
			isa = XCBuildConfiguration;
			buildSettings = {
				ALWAYS_SEARCH_USER_PATHS = NO;
				CLANG_ANALYZER_NONNULL = YES;
				CLANG_CXX_LANGUAGE_STANDARD = "gnu++0x";
				CLANG_CXX_LIBRARY = "libc++";
				CLANG_ENABLE_MODULES = YES;
				CLANG_ENABLE_OBJC_ARC = YES;
				CLANG_WARN_BOOL_CONVERSION = YES;
				CLANG_WARN_CONSTANT_CONVERSION = YES;
				CLANG_WARN_DIRECT_OBJC_ISA_USAGE = YES_ERROR;
				CLANG_WARN_DOCUMENTATION_COMMENTS = YES;
				CLANG_WARN_EMPTY_BODY = YES;
				CLANG_WARN_ENUM_CONVERSION = YES;
				CLANG_WARN_INFINITE_RECURSION = YES;
				CLANG_WARN_INT_CONVERSION = YES;
				CLANG_WARN_OBJC_ROOT_CLASS = YES_ERROR;
				CLANG_WARN_SUSPICIOUS_MOVE = YES;
				CLANG_WARN_UNREACHABLE_CODE = YES;
				CLANG_WARN__DUPLICATE_METHOD_MATCH = YES;
				"CODE_SIGN_IDENTITY[sdk=iphoneos*]" = "iPhone Developer";
				COPY_PHASE_STRIP = NO;
				DEBUG_INFORMATION_FORMAT = "dwarf-with-dsym";
				ENABLE_NS_ASSERTIONS = NO;
				ENABLE_STRICT_OBJC_MSGSEND = YES;
				GCC_C_LANGUAGE_STANDARD = gnu99;
				GCC_NO_COMMON_BLOCKS = YES;
				GCC_WARN_64_TO_32_BIT_CONVERSION = YES;
				GCC_WARN_ABOUT_RETURN_TYPE = YES_ERROR;
				GCC_WARN_UNDECLARED_SELECTOR = YES;
				GCC_WARN_UNINITIALIZED_AUTOS = YES_AGGRESSIVE;
				GCC_WARN_UNUSED_FUNCTION = YES;
				GCC_WARN_UNUSED_VARIABLE = YES;
				IPHONEOS_DEPLOYMENT_TARGET = 10.2;
				MTL_ENABLE_DEBUG_INFO = NO;
				SDKROOT = iphoneos;
				SWIFT_OPTIMIZATION_LEVEL = "-Owholemodule";
				TARGETED_DEVICE_FAMILY = "1,2";
				VALIDATE_PRODUCT = YES;
			};
			name = Release;
		};
		C7406C091E386B2C004B29A7 /* Debug */ = {
			isa = XCBuildConfiguration;
			buildSettings = {
				ASSETCATALOG_COMPILER_APPICON_NAME = AppIcon;
				DEVELOPMENT_TEAM = G8V2K73GKS;
				INFOPLIST_FILE = StoreApp/Info.plist;
				LD_RUNPATH_SEARCH_PATHS = "$(inherited) @executable_path/Frameworks";
				PRODUCT_BUNDLE_IDENTIFIER = com.alrubaye.net.StoreApp;
				PRODUCT_NAME = "$(TARGET_NAME)";
				SWIFT_VERSION = 3.0;
			};
			name = Debug;
		};
		C7406C0A1E386B2C004B29A7 /* Release */ = {
			isa = XCBuildConfiguration;
			buildSettings = {
				ASSETCATALOG_COMPILER_APPICON_NAME = AppIcon;
				DEVELOPMENT_TEAM = G8V2K73GKS;
				INFOPLIST_FILE = StoreApp/Info.plist;
				LD_RUNPATH_SEARCH_PATHS = "$(inherited) @executable_path/Frameworks";
				PRODUCT_BUNDLE_IDENTIFIER = com.alrubaye.net.StoreApp;
				PRODUCT_NAME = "$(TARGET_NAME)";
				SWIFT_VERSION = 3.0;
			};
			name = Release;
		};
/* End XCBuildConfiguration section */

/* Begin XCConfigurationList section */
		C7406BEE1E386B2C004B29A7 /* Build configuration list for PBXProject "StoreApp" */ = {
			isa = XCConfigurationList;
			buildConfigurations = (
				C7406C061E386B2C004B29A7 /* Debug */,
				C7406C071E386B2C004B29A7 /* Release */,
			);
			defaultConfigurationIsVisible = 0;
			defaultConfigurationName = Release;
		};
		C7406C081E386B2C004B29A7 /* Build configuration list for PBXNativeTarget "StoreApp" */ = {
			isa = XCConfigurationList;
			buildConfigurations = (
				C7406C091E386B2C004B29A7 /* Debug */,
				C7406C0A1E386B2C004B29A7 /* Release */,
			);
			defaultConfigurationIsVisible = 0;
		};
/* End XCConfigurationList section */

/* Begin XCVersionGroup section */
		C7406BFD1E386B2C004B29A7 /* StoreApp.xcdatamodeld */ = {
			isa = XCVersionGroup;
			children = (
				C7406BFE1E386B2C004B29A7 /* StoreApp.xcdatamodel */,
			);
			currentVersion = C7406BFE1E386B2C004B29A7 /* StoreApp.xcdatamodel */;
			path = StoreApp.xcdatamodeld;
			sourceTree = "<group>";
			versionGroupType = wrapper.xcdatamodel;
		};
/* End XCVersionGroup section */
	};
	rootObject = C7406BEB1E386B2C004B29A7 /* Project object */;
}
