// !$*UTF8*$!
{
	archiveVersion = 1;
	classes = {
	};
	objectVersion = 46;
	objects = {

/* Begin PBXBuildFile section */
		C7DDBAE01DE9FDAB00404E6C /* AppDelegate.swift in Sources */ = {isa = PBXBuildFile; fileRef = C7DDBADF1DE9FDAB00404E6C /* AppDelegate.swift */; };
		C7DDBAE21DE9FDAB00404E6C /* ViewController.swift in Sources */ = {isa = PBXBuildFile; fileRef = C7DDBAE11DE9FDAB00404E6C /* ViewController.swift */; };
		C7DDBAE71DE9FDAB00404E6C /* Assets.xcassets in Resources */ = {isa = PBXBuildFile; fileRef = C7DDBAE61DE9FDAB00404E6C /* Assets.xcassets */; };
		C7DDBAEA1DE9FDAB00404E6C /* LaunchScreen.storyboard in Resources */ = {isa = PBXBuildFile; fileRef = C7DDBAE81DE9FDAB00404E6C /* LaunchScreen.storyboard */; };
		C7DDBAF21DE9FE2C00404E6C /* ViewController2.swift in Sources */ = {isa = PBXBuildFile; fileRef = C7DDBAF11DE9FE2C00404E6C /* ViewController2.swift */; };
		C7DDBAF61DE9FEFE00404E6C /* Person.swift in Sources */ = {isa = PBXBuildFile; fileRef = C7DDBAF51DE9FEFE00404E6C /* Person.swift */; };
		C7DDBAF81DEA043F00404E6C /* CollectionViewCell.swift in Sources */ = {isa = PBXBuildFile; fileRef = C7DDBAF71DEA043F00404E6C /* CollectionViewCell.swift */; };
		C7DDBAFB1DEA0AFE00404E6C /* Main.storyboard in Resources */ = {isa = PBXBuildFile; fileRef = C7DDBAF91DEA0AFE00404E6C /* Main.storyboard */; };
		C7DDBAFD1DEA12FB00404E6C /* Foods.plist in Resources */ = {isa = PBXBuildFile; fileRef = C7DDBAFC1DEA12FB00404E6C /* Foods.plist */; };
/* End PBXBuildFile section */

/* Begin PBXFileReference section */
		C7DDBADC1DE9FDAB00404E6C /* StoryApp.app */ = {isa = PBXFileReference; explicitFileType = wrapper.application; includeInIndex = 0; path = StoryApp.app; sourceTree = BUILT_PRODUCTS_DIR; };
		C7DDBADF1DE9FDAB00404E6C /* AppDelegate.swift */ = {isa = PBXFileReference; lastKnownFileType = sourcecode.swift; path = AppDelegate.swift; sourceTree = "<group>"; };
		C7DDBAE11DE9FDAB00404E6C /* ViewController.swift */ = {isa = PBXFileReference; lastKnownFileType = sourcecode.swift; path = ViewController.swift; sourceTree = "<group>"; };
		C7DDBAE61DE9FDAB00404E6C /* Assets.xcassets */ = {isa = PBXFileReference; lastKnownFileType = folder.assetcatalog; path = Assets.xcassets; sourceTree = "<group>"; };
		C7DDBAE91DE9FDAB00404E6C /* Base */ = {isa = PBXFileReference; lastKnownFileType = file.storyboard; name = Base; path = Base.lproj/LaunchScreen.storyboard; sourceTree = "<group>"; };
		C7DDBAEB1DE9FDAB00404E6C /* Info.plist */ = {isa = PBXFileReference; lastKnownFileType = text.plist.xml; path = Info.plist; sourceTree = "<group>"; };
		C7DDBAF11DE9FE2C00404E6C /* ViewController2.swift */ = {isa = PBXFileReference; fileEncoding = 4; lastKnownFileType = sourcecode.swift; path = ViewController2.swift; sourceTree = "<group>"; };
		C7DDBAF51DE9FEFE00404E6C /* Person.swift */ = {isa = PBXFileReference; fileEncoding = 4; lastKnownFileType = sourcecode.swift; path = Person.swift; sourceTree = "<group>"; };
		C7DDBAF71DEA043F00404E6C /* CollectionViewCell.swift */ = {isa = PBXFileReference; fileEncoding = 4; lastKnownFileType = sourcecode.swift; path = CollectionViewCell.swift; sourceTree = "<group>"; };
		C7DDBAFA1DEA0AFE00404E6C /* Base */ = {isa = PBXFileReference; lastKnownFileType = file.storyboard; name = Base; path = Base.lproj/Main.storyboard; sourceTree = "<group>"; };
		C7DDBAFC1DEA12FB00404E6C /* Foods.plist */ = {isa = PBXFileReference; fileEncoding = 4; lastKnownFileType = text.plist.xml; path = Foods.plist; sourceTree = "<group>"; };
/* End PBXFileReference section */

/* Begin PBXFrameworksBuildPhase section */
		C7DDBAD91DE9FDAB00404E6C /* Frameworks */ = {
			isa = PBXFrameworksBuildPhase;
			buildActionMask = 2147483647;
			files = (
			);
			runOnlyForDeploymentPostprocessing = 0;
		};
/* End PBXFrameworksBuildPhase section */

/* Begin PBXGroup section */
		C7DDBAD31DE9FDAB00404E6C = {
			isa = PBXGroup;
			children = (
				C7DDBAF51DE9FEFE00404E6C /* Person.swift */,
				C7DDBADE1DE9FDAB00404E6C /* StoryApp */,
				C7DDBADD1DE9FDAB00404E6C /* Products */,
			);
			sourceTree = "<group>";
		};
		C7DDBADD1DE9FDAB00404E6C /* Products */ = {
			isa = PBXGroup;
			children = (
				C7DDBADC1DE9FDAB00404E6C /* StoryApp.app */,
			);
			name = Products;
			sourceTree = "<group>";
		};
		C7DDBADE1DE9FDAB00404E6C /* StoryApp */ = {
			isa = PBXGroup;
			children = (
				C7DDBADF1DE9FDAB00404E6C /* AppDelegate.swift */,
				C7DDBAE11DE9FDAB00404E6C /* ViewController.swift */,
				C7DDBAF91DEA0AFE00404E6C /* Main.storyboard */,
				C7DDBAE61DE9FDAB00404E6C /* Assets.xcassets */,
				C7DDBAE81DE9FDAB00404E6C /* LaunchScreen.storyboard */,
				C7DDBAEB1DE9FDAB00404E6C /* Info.plist */,
				C7DDBAF11DE9FE2C00404E6C /* ViewController2.swift */,
				C7DDBAF71DEA043F00404E6C /* CollectionViewCell.swift */,
				C7DDBAFC1DEA12FB00404E6C /* Foods.plist */,
			);
			path = StoryApp;
			sourceTree = "<group>";
		};
/* End PBXGroup section */

/* Begin PBXNativeTarget section */
		C7DDBADB1DE9FDAB00404E6C /* StoryApp */ = {
			isa = PBXNativeTarget;
			buildConfigurationList = C7DDBAEE1DE9FDAB00404E6C /* Build configuration list for PBXNativeTarget "StoryApp" */;
			buildPhases = (
				C7DDBAD81DE9FDAB00404E6C /* Sources */,
				C7DDBAD91DE9FDAB00404E6C /* Frameworks */,
				C7DDBADA1DE9FDAB00404E6C /* Resources */,
			);
			buildRules = (
			);
			dependencies = (
			);
			name = StoryApp;
			productName = StoryApp;
			productReference = C7DDBADC1DE9FDAB00404E6C /* StoryApp.app */;
			productType = "com.apple.product-type.application";
		};
/* End PBXNativeTarget section */

/* Begin PBXProject section */
		C7DDBAD41DE9FDAB00404E6C /* Project object */ = {
			isa = PBXProject;
			attributes = {
				LastSwiftUpdateCheck = 0810;
				LastUpgradeCheck = 0810;
				ORGANIZATIONNAME = "hussien alrubaye";
				TargetAttributes = {
					C7DDBADB1DE9FDAB00404E6C = {
						CreatedOnToolsVersion = 8.1;
						DevelopmentTeam = G8V2K73GKS;
						ProvisioningStyle = Automatic;
					};
				};
			};
			buildConfigurationList = C7DDBAD71DE9FDAB00404E6C /* Build configuration list for PBXProject "StoryApp" */;
			compatibilityVersion = "Xcode 3.2";
			developmentRegion = English;
			hasScannedForEncodings = 0;
			knownRegions = (
				en,
				Base,
			);
			mainGroup = C7DDBAD31DE9FDAB00404E6C;
			productRefGroup = C7DDBADD1DE9FDAB00404E6C /* Products */;
			projectDirPath = "";
			projectRoot = "";
			targets = (
				C7DDBADB1DE9FDAB00404E6C /* StoryApp */,
			);
		};
/* End PBXProject section */

/* Begin PBXResourcesBuildPhase section */
		C7DDBADA1DE9FDAB00404E6C /* Resources */ = {
			isa = PBXResourcesBuildPhase;
			buildActionMask = 2147483647;
			files = (
				C7DDBAFD1DEA12FB00404E6C /* Foods.plist in Resources */,
				C7DDBAFB1DEA0AFE00404E6C /* Main.storyboard in Resources */,
				C7DDBAEA1DE9FDAB00404E6C /* LaunchScreen.storyboard in Resources */,
				C7DDBAE71DE9FDAB00404E6C /* Assets.xcassets in Resources */,
			);
			runOnlyForDeploymentPostprocessing = 0;
		};
/* End PBXResourcesBuildPhase section */

/* Begin PBXSourcesBuildPhase section */
		C7DDBAD81DE9FDAB00404E6C /* Sources */ = {
			isa = PBXSourcesBuildPhase;
			buildActionMask = 2147483647;
			files = (
				C7DDBAF81DEA043F00404E6C /* CollectionViewCell.swift in Sources */,
				C7DDBAE21DE9FDAB00404E6C /* ViewController.swift in Sources */,
				C7DDBAE01DE9FDAB00404E6C /* AppDelegate.swift in Sources */,
				C7DDBAF61DE9FEFE00404E6C /* Person.swift in Sources */,
				C7DDBAF21DE9FE2C00404E6C /* ViewController2.swift in Sources */,
			);
			runOnlyForDeploymentPostprocessing = 0;
		};
/* End PBXSourcesBuildPhase section */

/* Begin PBXVariantGroup section */
		C7DDBAE81DE9FDAB00404E6C /* LaunchScreen.storyboard */ = {
			isa = PBXVariantGroup;
			children = (
				C7DDBAE91DE9FDAB00404E6C /* Base */,
			);
			name = LaunchScreen.storyboard;
			sourceTree = "<group>";
		};
		C7DDBAF91DEA0AFE00404E6C /* Main.storyboard */ = {
			isa = PBXVariantGroup;
			children = (
				C7DDBAFA1DEA0AFE00404E6C /* Base */,
			);
			name = Main.storyboard;
			sourceTree = "<group>";
		};
/* End PBXVariantGroup section */

/* Begin XCBuildConfiguration section */
		C7DDBAEC1DE9FDAB00404E6C /* Debug */ = {
			isa = XCBuildConfiguration;
			buildSettings = {
				ALWAYS_SEARCH_USER_PATHS = NO;
				CLANG_ANALYZER_NONNULL = YES;
				CLANG_CXX_LANGUAGE_STANDARD = "gnu++0x";
				CLANG_CXX_LIBRARY = "libc++";
				CLANG_ENABLE_MODULES = YES;
				CLANG_ENABLE_OBJC_ARC = YES;
				CLANG_WARN_BOOL_CONVERSION = YES;
				CLANG_WARN_CONSTANT_CONVERSION = YES;
				CLANG_WARN_DIRECT_OBJC_ISA_USAGE = YES_ERROR;
				CLANG_WARN_DOCUMENTATION_COMMENTS = YES;
				CLANG_WARN_EMPTY_BODY = YES;
				CLANG_WARN_ENUM_CONVERSION = YES;
				CLANG_WARN_INFINITE_RECURSION = YES;
				CLANG_WARN_INT_CONVERSION = YES;
				CLANG_WARN_OBJC_ROOT_CLASS = YES_ERROR;
				CLANG_WARN_SUSPICIOUS_MOVES = YES;
				CLANG_WARN_UNREACHABLE_CODE = YES;
				CLANG_WARN__DUPLICATE_METHOD_MATCH = YES;
				"CODE_SIGN_IDENTITY[sdk=iphoneos*]" = "iPhone Developer";
				COPY_PHASE_STRIP = NO;
				DEBUG_INFORMATION_FORMAT = dwarf;
				ENABLE_STRICT_OBJC_MSGSEND = YES;
				ENABLE_TESTABILITY = YES;
				GCC_C_LANGUAGE_STANDARD = gnu99;
				GCC_DYNAMIC_NO_PIC = NO;
				GCC_NO_COMMON_BLOCKS = YES;
				GCC_OPTIMIZATION_LEVEL = 0;
				GCC_PREPROCESSOR_DEFINITIONS = (
					"DEBUG=1",
					"$(inherited)",
				);
				GCC_WARN_64_TO_32_BIT_CONVERSION = YES;
				GCC_WARN_ABOUT_RETURN_TYPE = YES_ERROR;
				GCC_WARN_UNDECLARED_SELECTOR = YES;
				GCC_WARN_UNINITIALIZED_AUTOS = YES_AGGRESSIVE;
				GCC_WARN_UNUSED_FUNCTION = YES;
				GCC_WARN_UNUSED_VARIABLE = YES;
				IPHONEOS_DEPLOYMENT_TARGET = 10.1;
				MTL_ENABLE_DEBUG_INFO = YES;
				ONLY_ACTIVE_ARCH = YES;
				SDKROOT = iphoneos;
				SWIFT_ACTIVE_COMPILATION_CONDITIONS = DEBUG;
				SWIFT_OPTIMIZATION_LEVEL = "-Onone";
				TARGETED_DEVICE_FAMILY = "1,2";
			};
			name = Debug;
		};
		C7DDBAED1DE9FDAB00404E6C /* Release */ = {
			isa = XCBuildConfiguration;
			buildSettings = {
				ALWAYS_SEARCH_USER_PATHS = NO;
				CLANG_ANALYZER_NONNULL = YES;
				CLANG_CXX_LANGUAGE_STANDARD = "gnu++0x";
				CLANG_CXX_LIBRARY = "libc++";
				CLANG_ENABLE_MODULES = YES;
				CLANG_ENABLE_OBJC_ARC = YES;
				CLANG_WARN_BOOL_CONVERSION = YES;
				CLANG_WARN_CONSTANT_CONVERSION = YES;
				CLANG_WARN_DIRECT_OBJC_ISA_USAGE = YES_ERROR;
				CLANG_WARN_DOCUMENTATION_COMMENTS = YES;
				CLANG_WARN_EMPTY_BODY = YES;
				CLANG_WARN_ENUM_CONVERSION = YES;
				CLANG_WARN_INFINITE_RECURSION = YES;
				CLANG_WARN_INT_CONVERSION = YES;
				CLANG_WARN_OBJC_ROOT_CLASS = YES_ERROR;
				CLANG_WARN_SUSPICIOUS_MOVES = YES;
				CLANG_WARN_UNREACHABLE_CODE = YES;
				CLANG_WARN__DUPLICATE_METHOD_MATCH = YES;
				"CODE_SIGN_IDENTITY[sdk=iphoneos*]" = "iPhone Developer";
				COPY_PHASE_STRIP = NO;
				DEBUG_INFORMATION_FORMAT = "dwarf-with-dsym";
				ENABLE_NS_ASSERTIONS = NO;
				ENABLE_STRICT_OBJC_MSGSEND = YES;
				GCC_C_LANGUAGE_STANDARD = gnu99;
				GCC_NO_COMMON_BLOCKS = YES;
				GCC_WARN_64_TO_32_BIT_CONVERSION = YES;
				GCC_WARN_ABOUT_RETURN_TYPE = YES_ERROR;
				GCC_WARN_UNDECLARED_SELECTOR = YES;
				GCC_WARN_UNINITIALIZED_AUTOS = YES_AGGRESSIVE;
				GCC_WARN_UNUSED_FUNCTION = YES;
				GCC_WARN_UNUSED_VARIABLE = YES;
				IPHONEOS_DEPLOYMENT_TARGET = 10.1;
				MTL_ENABLE_DEBUG_INFO = NO;
				SDKROOT = iphoneos;
				SWIFT_OPTIMIZATION_LEVEL = "-Owholemodule";
				TARGETED_DEVICE_FAMILY = "1,2";
				VALIDATE_PRODUCT = YES;
			};
			name = Release;
		};
		C7DDBAEF1DE9FDAB00404E6C /* Debug */ = {
			isa = XCBuildConfiguration;
			buildSettings = {
				ASSETCATALOG_COMPILER_APPICON_NAME = AppIcon;
				DEVELOPMENT_TEAM = G8V2K73GKS;
				INFOPLIST_FILE = StoryApp/Info.plist;
				LD_RUNPATH_SEARCH_PATHS = "$(inherited) @executable_path/Frameworks";
				PRODUCT_BUNDLE_IDENTIFIER = com.alrubaye.net.StoryApp;
				PRODUCT_NAME = "$(TARGET_NAME)";
				SWIFT_VERSION = 3.0;
			};
			name = Debug;
		};
		C7DDBAF01DE9FDAB00404E6C /* Release */ = {
			isa = XCBuildConfiguration;
			buildSettings = {
				ASSETCATALOG_COMPILER_APPICON_NAME = AppIcon;
				DEVELOPMENT_TEAM = G8V2K73GKS;
				INFOPLIST_FILE = StoryApp/Info.plist;
				LD_RUNPATH_SEARCH_PATHS = "$(inherited) @executable_path/Frameworks";
				PRODUCT_BUNDLE_IDENTIFIER = com.alrubaye.net.StoryApp;
				PRODUCT_NAME = "$(TARGET_NAME)";
				SWIFT_VERSION = 3.0;
			};
			name = Release;
		};
/* End XCBuildConfiguration section */

/* Begin XCConfigurationList section */
		C7DDBAD71DE9FDAB00404E6C /* Build configuration list for PBXProject "StoryApp" */ = {
			isa = XCConfigurationList;
			buildConfigurations = (
				C7DDBAEC1DE9FDAB00404E6C /* Debug */,
				C7DDBAED1DE9FDAB00404E6C /* Release */,
			);
			defaultConfigurationIsVisible = 0;
			defaultConfigurationName = Release;
		};
		C7DDBAEE1DE9FDAB00404E6C /* Build configuration list for PBXNativeTarget "StoryApp" */ = {
			isa = XCConfigurationList;
			buildConfigurations = (
				C7DDBAEF1DE9FDAB00404E6C /* Debug */,
				C7DDBAF01DE9FDAB00404E6C /* Release */,
			);
			defaultConfigurationIsVisible = 0;
			defaultConfigurationName = Release;
		};
/* End XCConfigurationList section */
	};
	rootObject = C7DDBAD41DE9FDAB00404E6C /* Project object */;
}
