// !$*UTF8*$!
{
	archiveVersion = 1;
	classes = {
	};
	objectVersion = 46;
	objects = {

/* Begin PBXBuildFile section */
		C72AC9771DE80C1E0047D5A2 /* AppDelegate.swift in Sources */ = {isa = PBXBuildFile; fileRef = C72AC9761DE80C1E0047D5A2 /* AppDelegate.swift */; };
		C72AC9791DE80C1E0047D5A2 /* ViewController.swift in Sources */ = {isa = PBXBuildFile; fileRef = C72AC9781DE80C1E0047D5A2 /* ViewController.swift */; };
		C72AC97C1DE80C1E0047D5A2 /* Main.storyboard in Resources */ = {isa = PBXBuildFile; fileRef = C72AC97A1DE80C1E0047D5A2 /* Main.storyboard */; };
		C72AC97E1DE80C1E0047D5A2 /* Assets.xcassets in Resources */ = {isa = PBXBuildFile; fileRef = C72AC97D1DE80C1E0047D5A2 /* Assets.xcassets */; };
		C72AC9811DE80C1E0047D5A2 /* LaunchScreen.storyboard in Resources */ = {isa = PBXBuildFile; fileRef = C72AC97F1DE80C1E0047D5A2 /* LaunchScreen.storyboard */; };
/* End PBXBuildFile section */

/* Begin PBXFileReference section */
		C72AC9731DE80C1E0047D5A2 /* bestWeight.app */ = {isa = PBXFileReference; explicitFileType = wrapper.application; includeInIndex = 0; path = bestWeight.app; sourceTree = BUILT_PRODUCTS_DIR; };
		C72AC9761DE80C1E0047D5A2 /* AppDelegate.swift */ = {isa = PBXFileReference; lastKnownFileType = sourcecode.swift; path = AppDelegate.swift; sourceTree = "<group>"; };
		C72AC9781DE80C1E0047D5A2 /* ViewController.swift */ = {isa = PBXFileReference; lastKnownFileType = sourcecode.swift; path = ViewController.swift; sourceTree = "<group>"; };
		C72AC97B1DE80C1E0047D5A2 /* Base */ = {isa = PBXFileReference; lastKnownFileType = file.storyboard; name = Base; path = Base.lproj/Main.storyboard; sourceTree = "<group>"; };
		C72AC97D1DE80C1E0047D5A2 /* Assets.xcassets */ = {isa = PBXFileReference; lastKnownFileType = folder.assetcatalog; path = Assets.xcassets; sourceTree = "<group>"; };
		C72AC9801DE80C1E0047D5A2 /* Base */ = {isa = PBXFileReference; lastKnownFileType = file.storyboard; name = Base; path = Base.lproj/LaunchScreen.storyboard; sourceTree = "<group>"; };
		C72AC9821DE80C1E0047D5A2 /* Info.plist */ = {isa = PBXFileReference; lastKnownFileType = text.plist.xml; path = Info.plist; sourceTree = "<group>"; };
/* End PBXFileReference section */

/* Begin PBXFrameworksBuildPhase section */
		C72AC9701DE80C1E0047D5A2 /* Frameworks */ = {
			isa = PBXFrameworksBuildPhase;
			buildActionMask = 2147483647;
			files = (
			);
			runOnlyForDeploymentPostprocessing = 0;
		};
/* End PBXFrameworksBuildPhase section */

/* Begin PBXGroup section */
		C72AC96A1DE80C1E0047D5A2 = {
			isa = PBXGroup;
			children = (
				C72AC9751DE80C1E0047D5A2 /* bestWeight */,
				C72AC9741DE80C1E0047D5A2 /* Products */,
			);
			sourceTree = "<group>";
		};
		C72AC9741DE80C1E0047D5A2 /* Products */ = {
			isa = PBXGroup;
			children = (
				C72AC9731DE80C1E0047D5A2 /* bestWeight.app */,
			);
			name = Products;
			sourceTree = "<group>";
		};
		C72AC9751DE80C1E0047D5A2 /* bestWeight */ = {
			isa = PBXGroup;
			children = (
				C72AC9761DE80C1E0047D5A2 /* AppDelegate.swift */,
				C72AC9781DE80C1E0047D5A2 /* ViewController.swift */,
				C72AC97A1DE80C1E0047D5A2 /* Main.storyboard */,
				C72AC97D1DE80C1E0047D5A2 /* Assets.xcassets */,
				C72AC97F1DE80C1E0047D5A2 /* LaunchScreen.storyboard */,
				C72AC9821DE80C1E0047D5A2 /* Info.plist */,
			);
			path = bestWeight;
			sourceTree = "<group>";
		};
/* End PBXGroup section */

/* Begin PBXNativeTarget section */
		C72AC9721DE80C1E0047D5A2 /* bestWeight */ = {
			isa = PBXNativeTarget;
			buildConfigurationList = C72AC9851DE80C1E0047D5A2 /* Build configuration list for PBXNativeTarget "bestWeight" */;
			buildPhases = (
				C72AC96F1DE80C1E0047D5A2 /* Sources */,
				C72AC9701DE80C1E0047D5A2 /* Frameworks */,
				C72AC9711DE80C1E0047D5A2 /* Resources */,
			);
			buildRules = (
			);
			dependencies = (
			);
			name = bestWeight;
			productName = bestWeight;
			productReference = C72AC9731DE80C1E0047D5A2 /* bestWeight.app */;
			productType = "com.apple.product-type.application";
		};
/* End PBXNativeTarget section */

/* Begin PBXProject section */
		C72AC96B1DE80C1E0047D5A2 /* Project object */ = {
			isa = PBXProject;
			attributes = {
				LastSwiftUpdateCheck = 0810;
				LastUpgradeCheck = 0810;
				ORGANIZATIONNAME = "hussien alrubaye";
				TargetAttributes = {
					C72AC9721DE80C1E0047D5A2 = {
						CreatedOnToolsVersion = 8.1;
						DevelopmentTeam = G8V2K73GKS;
						ProvisioningStyle = Automatic;
					};
				};
			};
			buildConfigurationList = C72AC96E1DE80C1E0047D5A2 /* Build configuration list for PBXProject "bestWeight" */;
			compatibilityVersion = "Xcode 3.2";
			developmentRegion = English;
			hasScannedForEncodings = 0;
			knownRegions = (
				en,
				Base,
			);
			mainGroup = C72AC96A1DE80C1E0047D5A2;
			productRefGroup = C72AC9741DE80C1E0047D5A2 /* Products */;
			projectDirPath = "";
			projectRoot = "";
			targets = (
				C72AC9721DE80C1E0047D5A2 /* bestWeight */,
			);
		};
/* End PBXProject section */

/* Begin PBXResourcesBuildPhase section */
		C72AC9711DE80C1E0047D5A2 /* Resources */ = {
			isa = PBXResourcesBuildPhase;
			buildActionMask = 2147483647;
			files = (
				C72AC9811DE80C1E0047D5A2 /* LaunchScreen.storyboard in Resources */,
				C72AC97E1DE80C1E0047D5A2 /* Assets.xcassets in Resources */,
				C72AC97C1DE80C1E0047D5A2 /* Main.storyboard in Resources */,
			);
			runOnlyForDeploymentPostprocessing = 0;
		};
/* End PBXResourcesBuildPhase section */

/* Begin PBXSourcesBuildPhase section */
		C72AC96F1DE80C1E0047D5A2 /* Sources */ = {
			isa = PBXSourcesBuildPhase;
			buildActionMask = 2147483647;
			files = (
				C72AC9791DE80C1E0047D5A2 /* ViewController.swift in Sources */,
				C72AC9771DE80C1E0047D5A2 /* AppDelegate.swift in Sources */,
			);
			runOnlyForDeploymentPostprocessing = 0;
		};
/* End PBXSourcesBuildPhase section */

/* Begin PBXVariantGroup section */
		C72AC97A1DE80C1E0047D5A2 /* Main.storyboard */ = {
			isa = PBXVariantGroup;
			children = (
				C72AC97B1DE80C1E0047D5A2 /* Base */,
			);
			name = Main.storyboard;
			sourceTree = "<group>";
		};
		C72AC97F1DE80C1E0047D5A2 /* LaunchScreen.storyboard */ = {
			isa = PBXVariantGroup;
			children = (
				C72AC9801DE80C1E0047D5A2 /* Base */,
			);
			name = LaunchScreen.storyboard;
			sourceTree = "<group>";
		};
/* End PBXVariantGroup section */

/* Begin XCBuildConfiguration section */
		C72AC9831DE80C1E0047D5A2 /* Debug */ = {
			isa = XCBuildConfiguration;
			buildSettings = {
				ALWAYS_SEARCH_USER_PATHS = NO;
				CLANG_ANALYZER_NONNULL = YES;
				CLANG_CXX_LANGUAGE_STANDARD = "gnu++0x";
				CLANG_CXX_LIBRARY = "libc++";
				CLANG_ENABLE_MODULES = YES;
				CLANG_ENABLE_OBJC_ARC = YES;
				CLANG_WARN_BOOL_CONVERSION = YES;
				CLANG_WARN_CONSTANT_CONVERSION = YES;
				CLANG_WARN_DIRECT_OBJC_ISA_USAGE = YES_ERROR;
				CLANG_WARN_DOCUMENTATION_COMMENTS = YES;
				CLANG_WARN_EMPTY_BODY = YES;
				CLANG_WARN_ENUM_CONVERSION = YES;
				CLANG_WARN_INFINITE_RECURSION = YES;
				CLANG_WARN_INT_CONVERSION = YES;
				CLANG_WARN_OBJC_ROOT_CLASS = YES_ERROR;
				CLANG_WARN_SUSPICIOUS_MOVES = YES;
				CLANG_WARN_UNREACHABLE_CODE = YES;
				CLANG_WARN__DUPLICATE_METHOD_MATCH = YES;
				"CODE_SIGN_IDENTITY[sdk=iphoneos*]" = "iPhone Developer";
				COPY_PHASE_STRIP = NO;
				DEBUG_INFORMATION_FORMAT = dwarf;
				ENABLE_STRICT_OBJC_MSGSEND = YES;
				ENABLE_TESTABILITY = YES;
				GCC_C_LANGUAGE_STANDARD = gnu99;
				GCC_DYNAMIC_NO_PIC = NO;
				GCC_NO_COMMON_BLOCKS = YES;
				GCC_OPTIMIZATION_LEVEL = 0;
				GCC_PREPROCESSOR_DEFINITIONS = (
					"DEBUG=1",
					"$(inherited)",
				);
				GCC_WARN_64_TO_32_BIT_CONVERSION = YES;
				GCC_WARN_ABOUT_RETURN_TYPE = YES_ERROR;
				GCC_WARN_UNDECLARED_SELECTOR = YES;
				GCC_WARN_UNINITIALIZED_AUTOS = YES_AGGRESSIVE;
				GCC_WARN_UNUSED_FUNCTION = YES;
				GCC_WARN_UNUSED_VARIABLE = YES;
				IPHONEOS_DEPLOYMENT_TARGET = 10.1;
				MTL_ENABLE_DEBUG_INFO = YES;
				ONLY_ACTIVE_ARCH = YES;
				SDKROOT = iphoneos;
				SWIFT_ACTIVE_COMPILATION_CONDITIONS = DEBUG;
				SWIFT_OPTIMIZATION_LEVEL = "-Onone";
				TARGETED_DEVICE_FAMILY = "1,2";
			};
			name = Debug;
		};
		C72AC9841DE80C1E0047D5A2 /* Release */ = {
			isa = XCBuildConfiguration;
			buildSettings = {
				ALWAYS_SEARCH_USER_PATHS = NO;
				CLANG_ANALYZER_NONNULL = YES;
				CLANG_CXX_LANGUAGE_STANDARD = "gnu++0x";
				CLANG_CXX_LIBRARY = "libc++";
				CLANG_ENABLE_MODULES = YES;
				CLANG_ENABLE_OBJC_ARC = YES;
				CLANG_WARN_BOOL_CONVERSION = YES;
				CLANG_WARN_CONSTANT_CONVERSION = YES;
				CLANG_WARN_DIRECT_OBJC_ISA_USAGE = YES_ERROR;
				CLANG_WARN_DOCUMENTATION_COMMENTS = YES;
				CLANG_WARN_EMPTY_BODY = YES;
				CLANG_WARN_ENUM_CONVERSION = YES;
				CLANG_WARN_INFINITE_RECURSION = YES;
				CLANG_WARN_INT_CONVERSION = YES;
				CLANG_WARN_OBJC_ROOT_CLASS = YES_ERROR;
				CLANG_WARN_SUSPICIOUS_MOVES = YES;
				CLANG_WARN_UNREACHABLE_CODE = YES;
				CLANG_WARN__DUPLICATE_METHOD_MATCH = YES;
				"CODE_SIGN_IDENTITY[sdk=iphoneos*]" = "iPhone Developer";
				COPY_PHASE_STRIP = NO;
				DEBUG_INFORMATION_FORMAT = "dwarf-with-dsym";
				ENABLE_NS_ASSERTIONS = NO;
				ENABLE_STRICT_OBJC_MSGSEND = YES;
				GCC_C_LANGUAGE_STANDARD = gnu99;
				GCC_NO_COMMON_BLOCKS = YES;
				GCC_WARN_64_TO_32_BIT_CONVERSION = YES;
				GCC_WARN_ABOUT_RETURN_TYPE = YES_ERROR;
				GCC_WARN_UNDECLARED_SELECTOR = YES;
				GCC_WARN_UNINITIALIZED_AUTOS = YES_AGGRESSIVE;
				GCC_WARN_UNUSED_FUNCTION = YES;
				GCC_WARN_UNUSED_VARIABLE = YES;
				IPHONEOS_DEPLOYMENT_TARGET = 10.1;
				MTL_ENABLE_DEBUG_INFO = NO;
				SDKROOT = iphoneos;
				SWIFT_OPTIMIZATION_LEVEL = "-Owholemodule";
				TARGETED_DEVICE_FAMILY = "1,2";
				VALIDATE_PRODUCT = YES;
			};
			name = Release;
		};
		C72AC9861DE80C1E0047D5A2 /* Debug */ = {
			isa = XCBuildConfiguration;
			buildSettings = {
				ASSETCATALOG_COMPILER_APPICON_NAME = AppIcon;
				DEVELOPMENT_TEAM = G8V2K73GKS;
				INFOPLIST_FILE = bestWeight/Info.plist;
				LD_RUNPATH_SEARCH_PATHS = "$(inherited) @executable_path/Frameworks";
				PRODUCT_BUNDLE_IDENTIFIER = com.alrubaye.net.bestWeight;
				PRODUCT_NAME = "$(TARGET_NAME)";
				SWIFT_VERSION = 3.0;
			};
			name = Debug;
		};
		C72AC9871DE80C1E0047D5A2 /* Release */ = {
			isa = XCBuildConfiguration;
			buildSettings = {
				ASSETCATALOG_COMPILER_APPICON_NAME = AppIcon;
				DEVELOPMENT_TEAM = G8V2K73GKS;
				INFOPLIST_FILE = bestWeight/Info.plist;
				LD_RUNPATH_SEARCH_PATHS = "$(inherited) @executable_path/Frameworks";
				PRODUCT_BUNDLE_IDENTIFIER = com.alrubaye.net.bestWeight;
				PRODUCT_NAME = "$(TARGET_NAME)";
				SWIFT_VERSION = 3.0;
			};
			name = Release;
		};
/* End XCBuildConfiguration section */

/* Begin XCConfigurationList section */
		C72AC96E1DE80C1E0047D5A2 /* Build configuration list for PBXProject "bestWeight" */ = {
			isa = XCConfigurationList;
			buildConfigurations = (
				C72AC9831DE80C1E0047D5A2 /* Debug */,
				C72AC9841DE80C1E0047D5A2 /* Release */,
			);
			defaultConfigurationIsVisible = 0;
			defaultConfigurationName = Release;
		};
		C72AC9851DE80C1E0047D5A2 /* Build configuration list for PBXNativeTarget "bestWeight" */ = {
			isa = XCConfigurationList;
			buildConfigurations = (
				C72AC9861DE80C1E0047D5A2 /* Debug */,
				C72AC9871DE80C1E0047D5A2 /* Release */,
			);
			defaultConfigurationIsVisible = 0;
		};
/* End XCConfigurationList section */
	};
	rootObject = C72AC96B1DE80C1E0047D5A2 /* Project object */;
}
